
Microsoft Visual Studio Solution File, Format Version 12.00
# Visual Studio 2013
VisualStudioVersion = 12.0.30723.0
MinimumVisualStudioVersion = 10.0.40219.1
Project("{FAE04EC0-301F-11D3-BF4B-00C04F79EFBC}") = "ProductTest", "ProductTest\ProductTest.csproj", "{21223ECC-7337-4A40-87DD-421299CD0F21}"
EndProject
Project("{FAE04EC0-301F-11D3-BF4B-00C04F79EFBC}") = "ProductLib", "ProductLib\ProductLib.csproj", "{D903165E-8084-414E-B8A2-EC938264493B}"
EndProject
Global
	GlobalSection(SolutionConfigurationPlatforms) = preSolution
		Debug|Any CPU = Debug|Any CPU
		Release|Any CPU = Release|Any CPU
	EndGlobalSection
	GlobalSection(ProjectConfigurationPlatforms) = postSolution
		{21223ECC-7337-4A40-87DD-421299CD0F21}.Debug|Any CPU.ActiveCfg = Debug|Any CPU
		{21223ECC-7337-4A40-87DD-421299CD0F21}.Debug|Any CPU.Build.0 = Debug|Any CPU
		{21223ECC-7337-4A40-87DD-421299CD0F21}.Release|Any CPU.ActiveCfg = Release|Any CPU
		{21223ECC-7337-4A40-87DD-421299CD0F21}.Release|Any CPU.Build.0 = Release|Any CPU
		{D903165E-8084-414E-B8A2-EC938264493B}.Debug|Any CPU.ActiveCfg = Debug|Any CPU
		{D903165E-8084-414E-B8A2-EC938264493B}.Debug|Any CPU.Build.0 = Debug|Any CPU
		{D903165E-8084-414E-B8A2-EC938264493B}.Release|Any CPU.ActiveCfg = Release|Any CPU
		{D903165E-8084-414E-B8A2-EC938264493B}.Release|Any CPU.Build.0 = Release|Any CPU
	EndGlobalSection
	GlobalSection(SolutionProperties) = preSolution
		HideSolutionNode = FALSE
	EndGlobalSection
EndGlobal
